<Solution>
  <Project Path="Concoction.Api/Concoction.Api.csproj" />
  <Project Path="Concoction.Application/Concoction.Application.csproj" />
  <Project Path="Concoction.Cli/Concoction.Cli.csproj" />
  <Project Path="Concoction.Domain/Concoction.Domain.csproj" />
  <Project Path="Concoction.Infrastructure/Concoction.Infrastructure.csproj" />
  <Project Path="Concoction.Tests/Concoction.Tests.csproj" />
  <Project Path="Concoction.Tests.Smoke/Concoction.Tests.Smoke.csproj" />
</Solution>
